
Microsoft Visual Studio Solution File, Format Version 12.00
# Visual Studio 15
VisualStudioVersion = 15.0.28307.329
MinimumVisualStudioVersion = 10.0.40219.1
Project("{9A19103F-16F7-4668-BE54-9A1E7A4F7556}") = "ADSApi", "ADS\ADSApi.csproj", "{A6A527E5-3287-4770-BCB8-AE37F056D6C9}"
EndProject
Project("{FAE04EC0-301F-11D3-BF4B-00C04F79EFBC}") = "ADSApiTest", "ADSApiTest\ADSApiTest.csproj", "{4C531B86-58DB-4599-8D64-4064154186FD}"
EndProject
Global
	GlobalSection(SolutionConfigurationPlatforms) = preSolution
		Debug|Any CPU = Debug|Any CPU
		Release|Any CPU = Release|Any CPU
	EndGlobalSection
	GlobalSection(ProjectConfigurationPlatforms) = postSolution
		{A6A527E5-3287-4770-BCB8-AE37F056D6C9}.Debug|Any CPU.ActiveCfg = Debug|Any CPU
		{A6A527E5-3287-4770-BCB8-AE37F056D6C9}.Debug|Any CPU.Build.0 = Debug|Any CPU
		{A6A527E5-3287-4770-BCB8-AE37F056D6C9}.Release|Any CPU.ActiveCfg = Release|Any CPU
		{A6A527E5-3287-4770-BCB8-AE37F056D6C9}.Release|Any CPU.Build.0 = Release|Any CPU
		{4C531B86-58DB-4599-8D64-4064154186FD}.Debug|Any CPU.ActiveCfg = Debug|Any CPU
		{4C531B86-58DB-4599-8D64-4064154186FD}.Debug|Any CPU.Build.0 = Debug|Any CPU
		{4C531B86-58DB-4599-8D64-4064154186FD}.Release|Any CPU.ActiveCfg = Release|Any CPU
		{4C531B86-58DB-4599-8D64-4064154186FD}.Release|Any CPU.Build.0 = Release|Any CPU
	EndGlobalSection
	GlobalSection(SolutionProperties) = preSolution
		HideSolutionNode = FALSE
	EndGlobalSection
	GlobalSection(ExtensibilityGlobals) = postSolution
		SolutionGuid = {D1BCB0E8-AF93-4122-9CFB-FCCF8C521A49}
	EndGlobalSection
EndGlobal
